
Microsoft Visual Studio Solution File, Format Version 12.00
# Visual Studio 14
VisualStudioVersion = 14.0.23107.0
MinimumVisualStudioVersion = 10.0.40219.1
Project("{FAE04EC0-301F-11D3-BF4B-00C04F79EFBC}") = "Download Hub", "Download Hub\Download Hub.csproj", "{BB381B21-2CCF-486F-9BBD-1BA52E595EE9}"
EndProject
Project("{FAE04EC0-301F-11D3-BF4B-00C04F79EFBC}") = "AppCoreMusic", "AppCoreMusic\AppCoreMusic.csproj", "{87540EB4-5854-4BFE-AA9B-A0317A97D888}"
EndProject
Project("{FAE04EC0-301F-11D3-BF4B-00C04F79EFBC}") = "Helper", "Helper\Helper.csproj", "{00B2DF85-1FA7-48E9-B44D-47EEFFAEF2BB}"
EndProject
Project("{FAE04EC0-301F-11D3-BF4B-00C04F79EFBC}") = "AppCoreVideos", "AppCoreVideos\AppCoreVideos.csproj", "{153F7592-97E9-4C39-B244-51CC8F64AF95}"
EndProject
Project("{FAE04EC0-301F-11D3-BF4B-00C04F79EFBC}") = "ViewModel", "ViewModel\ViewModel.csproj", "{8F653ADB-1416-4631-8EE6-A1D68C3D3FFD}"
EndProject
Project("{FAE04EC0-301F-11D3-BF4B-00C04F79EFBC}") = "YoutubeExtractor", "YoutubeExtractor\YoutubeExtractor.csproj", "{F07292B5-BB02-4025-ADCA-F0CE18A4AFB2}"
EndProject
Global
	GlobalSection(SolutionConfigurationPlatforms) = preSolution
		Debug|Any CPU = Debug|Any CPU
		Debug|ARM = Debug|ARM
		Debug|x64 = Debug|x64
		Debug|x86 = Debug|x86
		Release|Any CPU = Release|Any CPU
		Release|ARM = Release|ARM
		Release|x64 = Release|x64
		Release|x86 = Release|x86
	EndGlobalSection
	GlobalSection(ProjectConfigurationPlatforms) = postSolution
		{BB381B21-2CCF-486F-9BBD-1BA52E595EE9}.Debug|Any CPU.ActiveCfg = Debug|x86
		{BB381B21-2CCF-486F-9BBD-1BA52E595EE9}.Debug|ARM.ActiveCfg = Debug|ARM
		{BB381B21-2CCF-486F-9BBD-1BA52E595EE9}.Debug|ARM.Build.0 = Debug|ARM
		{BB381B21-2CCF-486F-9BBD-1BA52E595EE9}.Debug|ARM.Deploy.0 = Debug|ARM
		{BB381B21-2CCF-486F-9BBD-1BA52E595EE9}.Debug|x64.ActiveCfg = Debug|x64
		{BB381B21-2CCF-486F-9BBD-1BA52E595EE9}.Debug|x64.Build.0 = Debug|x64
		{BB381B21-2CCF-486F-9BBD-1BA52E595EE9}.Debug|x64.Deploy.0 = Debug|x64
		{BB381B21-2CCF-486F-9BBD-1BA52E595EE9}.Debug|x86.ActiveCfg = Debug|x86
		{BB381B21-2CCF-486F-9BBD-1BA52E595EE9}.Debug|x86.Build.0 = Debug|x86
		{BB381B21-2CCF-486F-9BBD-1BA52E595EE9}.Debug|x86.Deploy.0 = Debug|x86
		{BB381B21-2CCF-486F-9BBD-1BA52E595EE9}.Release|Any CPU.ActiveCfg = Release|x86
		{BB381B21-2CCF-486F-9BBD-1BA52E595EE9}.Release|ARM.ActiveCfg = Release|ARM
		{BB381B21-2CCF-486F-9BBD-1BA52E595EE9}.Release|ARM.Build.0 = Release|ARM
		{BB381B21-2CCF-486F-9BBD-1BA52E595EE9}.Release|ARM.Deploy.0 = Release|ARM
		{BB381B21-2CCF-486F-9BBD-1BA52E595EE9}.Release|x64.ActiveCfg = Release|x64
		{BB381B21-2CCF-486F-9BBD-1BA52E595EE9}.Release|x64.Build.0 = Release|x64
		{BB381B21-2CCF-486F-9BBD-1BA52E595EE9}.Release|x64.Deploy.0 = Release|x64
		{BB381B21-2CCF-486F-9BBD-1BA52E595EE9}.Release|x86.ActiveCfg = Release|x86
		{BB381B21-2CCF-486F-9BBD-1BA52E595EE9}.Release|x86.Build.0 = Release|x86
		{BB381B21-2CCF-486F-9BBD-1BA52E595EE9}.Release|x86.Deploy.0 = Release|x86
		{87540EB4-5854-4BFE-AA9B-A0317A97D888}.Debug|Any CPU.ActiveCfg = Debug|Any CPU
		{87540EB4-5854-4BFE-AA9B-A0317A97D888}.Debug|Any CPU.Build.0 = Debug|Any CPU
		{87540EB4-5854-4BFE-AA9B-A0317A97D888}.Debug|ARM.ActiveCfg = Debug|ARM
		{87540EB4-5854-4BFE-AA9B-A0317A97D888}.Debug|ARM.Build.0 = Debug|ARM
		{87540EB4-5854-4BFE-AA9B-A0317A97D888}.Debug|x64.ActiveCfg = Debug|x64
		{87540EB4-5854-4BFE-AA9B-A0317A97D888}.Debug|x64.Build.0 = Debug|x64
		{87540EB4-5854-4BFE-AA9B-A0317A97D888}.Debug|x86.ActiveCfg = Debug|x86
		{87540EB4-5854-4BFE-AA9B-A0317A97D888}.Debug|x86.Build.0 = Debug|x86
		{87540EB4-5854-4BFE-AA9B-A0317A97D888}.Release|Any CPU.ActiveCfg = Release|Any CPU
		{87540EB4-5854-4BFE-AA9B-A0317A97D888}.Release|Any CPU.Build.0 = Release|Any CPU
		{87540EB4-5854-4BFE-AA9B-A0317A97D888}.Release|ARM.ActiveCfg = Release|ARM
		{87540EB4-5854-4BFE-AA9B-A0317A97D888}.Release|ARM.Build.0 = Release|ARM
		{87540EB4-5854-4BFE-AA9B-A0317A97D888}.Release|x64.ActiveCfg = Release|x64
		{87540EB4-5854-4BFE-AA9B-A0317A97D888}.Release|x64.Build.0 = Release|x64
		{87540EB4-5854-4BFE-AA9B-A0317A97D888}.Release|x86.ActiveCfg = Release|x86
		{87540EB4-5854-4BFE-AA9B-A0317A97D888}.Release|x86.Build.0 = Release|x86
		{00B2DF85-1FA7-48E9-B44D-47EEFFAEF2BB}.Debug|Any CPU.ActiveCfg = Debug|Any CPU
		{00B2DF85-1FA7-48E9-B44D-47EEFFAEF2BB}.Debug|Any CPU.Build.0 = Debug|Any CPU
		{00B2DF85-1FA7-48E9-B44D-47EEFFAEF2BB}.Debug|ARM.ActiveCfg = Debug|ARM
		{00B2DF85-1FA7-48E9-B44D-47EEFFAEF2BB}.Debug|ARM.Build.0 = Debug|ARM
		{00B2DF85-1FA7-48E9-B44D-47EEFFAEF2BB}.Debug|x64.ActiveCfg = Debug|x64
		{00B2DF85-1FA7-48E9-B44D-47EEFFAEF2BB}.Debug|x64.Build.0 = Debug|x64
		{00B2DF85-1FA7-48E9-B44D-47EEFFAEF2BB}.Debug|x86.ActiveCfg = Debug|x86
		{00B2DF85-1FA7-48E9-B44D-47EEFFAEF2BB}.Debug|x86.Build.0 = Debug|x86
		{00B2DF85-1FA7-48E9-B44D-47EEFFAEF2BB}.Release|Any CPU.ActiveCfg = Release|Any CPU
		{00B2DF85-1FA7-48E9-B44D-47EEFFAEF2BB}.Release|Any CPU.Build.0 = Release|Any CPU
		{00B2DF85-1FA7-48E9-B44D-47EEFFAEF2BB}.Release|ARM.ActiveCfg = Release|ARM
		{00B2DF85-1FA7-48E9-B44D-47EEFFAEF2BB}.Release|ARM.Build.0 = Release|ARM
		{00B2DF85-1FA7-48E9-B44D-47EEFFAEF2BB}.Release|x64.ActiveCfg = Release|x64
		{00B2DF85-1FA7-48E9-B44D-47EEFFAEF2BB}.Release|x64.Build.0 = Release|x64
		{00B2DF85-1FA7-48E9-B44D-47EEFFAEF2BB}.Release|x86.ActiveCfg = Release|x86
		{00B2DF85-1FA7-48E9-B44D-47EEFFAEF2BB}.Release|x86.Build.0 = Release|x86
		{153F7592-97E9-4C39-B244-51CC8F64AF95}.Debug|Any CPU.ActiveCfg = Debug|Any CPU
		{153F7592-97E9-4C39-B244-51CC8F64AF95}.Debug|Any CPU.Build.0 = Debug|Any CPU
		{153F7592-97E9-4C39-B244-51CC8F64AF95}.Debug|ARM.ActiveCfg = Debug|ARM
		{153F7592-97E9-4C39-B244-51CC8F64AF95}.Debug|ARM.Build.0 = Debug|ARM
		{153F7592-97E9-4C39-B244-51CC8F64AF95}.Debug|x64.ActiveCfg = Debug|x64
		{153F7592-97E9-4C39-B244-51CC8F64AF95}.Debug|x64.Build.0 = Debug|x64
		{153F7592-97E9-4C39-B244-51CC8F64AF95}.Debug|x86.ActiveCfg = Debug|x86
		{153F7592-97E9-4C39-B244-51CC8F64AF95}.Debug|x86.Build.0 = Debug|x86
		{153F7592-97E9-4C39-B244-51CC8F64AF95}.Release|Any CPU.ActiveCfg = Release|Any CPU
		{153F7592-97E9-4C39-B244-51CC8F64AF95}.Release|Any CPU.Build.0 = Release|Any CPU
		{153F7592-97E9-4C39-B244-51CC8F64AF95}.Release|ARM.ActiveCfg = Release|ARM
		{153F7592-97E9-4C39-B244-51CC8F64AF95}.Release|ARM.Build.0 = Release|ARM
		{153F7592-97E9-4C39-B244-51CC8F64AF95}.Release|x64.ActiveCfg = Release|x64
		{153F7592-97E9-4C39-B244-51CC8F64AF95}.Release|x64.Build.0 = Release|x64
		{153F7592-97E9-4C39-B244-51CC8F64AF95}.Release|x86.ActiveCfg = Release|x86
		{153F7592-97E9-4C39-B244-51CC8F64AF95}.Release|x86.Build.0 = Release|x86
		{8F653ADB-1416-4631-8EE6-A1D68C3D3FFD}.Debug|Any CPU.ActiveCfg = Debug|Any CPU
		{8F653ADB-1416-4631-8EE6-A1D68C3D3FFD}.Debug|Any CPU.Build.0 = Debug|Any CPU
		{8F653ADB-1416-4631-8EE6-A1D68C3D3FFD}.Debug|ARM.ActiveCfg = Debug|ARM
		{8F653ADB-1416-4631-8EE6-A1D68C3D3FFD}.Debug|ARM.Build.0 = Debug|ARM
		{8F653ADB-1416-4631-8EE6-A1D68C3D3FFD}.Debug|x64.ActiveCfg = Debug|x64
		{8F653ADB-1416-4631-8EE6-A1D68C3D3FFD}.Debug|x64.Build.0 = Debug|x64
		{8F653ADB-1416-4631-8EE6-A1D68C3D3FFD}.Debug|x86.ActiveCfg = Debug|x86
		{8F653ADB-1416-4631-8EE6-A1D68C3D3FFD}.Debug|x86.Build.0 = Debug|x86
		{8F653ADB-1416-4631-8EE6-A1D68C3D3FFD}.Release|Any CPU.ActiveCfg = Release|Any CPU
		{8F653ADB-1416-4631-8EE6-A1D68C3D3FFD}.Release|Any CPU.Build.0 = Release|Any CPU
		{8F653ADB-1416-4631-8EE6-A1D68C3D3FFD}.Release|ARM.ActiveCfg = Release|ARM
		{8F653ADB-1416-4631-8EE6-A1D68C3D3FFD}.Release|ARM.Build.0 = Release|ARM
		{8F653ADB-1416-4631-8EE6-A1D68C3D3FFD}.Release|x64.ActiveCfg = Release|x64
		{8F653ADB-1416-4631-8EE6-A1D68C3D3FFD}.Release|x64.Build.0 = Release|x64
		{8F653ADB-1416-4631-8EE6-A1D68C3D3FFD}.Release|x86.ActiveCfg = Release|x86
		{8F653ADB-1416-4631-8EE6-A1D68C3D3FFD}.Release|x86.Build.0 = Release|x86
		{F07292B5-BB02-4025-ADCA-F0CE18A4AFB2}.Debug|Any CPU.ActiveCfg = Debug|Any CPU
		{F07292B5-BB02-4025-ADCA-F0CE18A4AFB2}.Debug|Any CPU.Build.0 = Debug|Any CPU
		{F07292B5-BB02-4025-ADCA-F0CE18A4AFB2}.Debug|ARM.ActiveCfg = Debug|ARM
		{F07292B5-BB02-4025-ADCA-F0CE18A4AFB2}.Debug|ARM.Build.0 = Debug|ARM
		{F07292B5-BB02-4025-ADCA-F0CE18A4AFB2}.Debug|x64.ActiveCfg = Debug|x64
		{F07292B5-BB02-4025-ADCA-F0CE18A4AFB2}.Debug|x64.Build.0 = Debug|x64
		{F07292B5-BB02-4025-ADCA-F0CE18A4AFB2}.Debug|x86.ActiveCfg = Debug|x86
		{F07292B5-BB02-4025-ADCA-F0CE18A4AFB2}.Debug|x86.Build.0 = Debug|x86
		{F07292B5-BB02-4025-ADCA-F0CE18A4AFB2}.Release|Any CPU.ActiveCfg = Release|Any CPU
		{F07292B5-BB02-4025-ADCA-F0CE18A4AFB2}.Release|Any CPU.Build.0 = Release|Any CPU
		{F07292B5-BB02-4025-ADCA-F0CE18A4AFB2}.Release|ARM.ActiveCfg = Release|ARM
		{F07292B5-BB02-4025-ADCA-F0CE18A4AFB2}.Release|ARM.Build.0 = Release|ARM
		{F07292B5-BB02-4025-ADCA-F0CE18A4AFB2}.Release|x64.ActiveCfg = Release|x64
		{F07292B5-BB02-4025-ADCA-F0CE18A4AFB2}.Release|x64.Build.0 = Release|x64
		{F07292B5-BB02-4025-ADCA-F0CE18A4AFB2}.Release|x86.ActiveCfg = Release|x86
		{F07292B5-BB02-4025-ADCA-F0CE18A4AFB2}.Release|x86.Build.0 = Release|x86
	EndGlobalSection
	GlobalSection(SolutionProperties) = preSolution
		HideSolutionNode = FALSE
	EndGlobalSection
EndGlobal
